// !$*UTF8*$!
{
	archiveVersion = 1;
	classes = {
	};
	objectVersion = 46;
	objects = {

/* Begin PBXBuildFile section */
		18024C381EC9B6F800752C81 /* DistributorListVC.swift in Sources */ = {isa = PBXBuildFile; fileRef = 18024C371EC9B6F800752C81 /* DistributorListVC.swift */; };
		18024C3A1EC9BB2100752C81 /* DistributorListCell.swift in Sources */ = {isa = PBXBuildFile; fileRef = 18024C391EC9BB2100752C81 /* DistributorListCell.swift */; };
		1830A8FF1ED56C17003E71F5 /* RangeSlider.swift in Sources */ = {isa = PBXBuildFile; fileRef = 1830A8FE1ED56C17003E71F5 /* RangeSlider.swift */; };
		1830A9011ED56C25003E71F5 /* RangeSliderFramework in Resources */ = {isa = PBXBuildFile; fileRef = 1830A9001ED56C24003E71F5 /* RangeSliderFramework */; };
		1838219E1EBB2CF8000F39E9 /* AppDelegate.swift in Sources */ = {isa = PBXBuildFile; fileRef = 1838219D1EBB2CF8000F39E9 /* AppDelegate.swift */; };
		183821A01EBB2CF8000F39E9 /* ViewController.swift in Sources */ = {isa = PBXBuildFile; fileRef = 1838219F1EBB2CF8000F39E9 /* ViewController.swift */; };
		183821A31EBB2CF8000F39E9 /* Main.storyboard in Resources */ = {isa = PBXBuildFile; fileRef = 183821A11EBB2CF8000F39E9 /* Main.storyboard */; };
		183821A61EBB2CF8000F39E9 /* BarApp.xcdatamodeld in Sources */ = {isa = PBXBuildFile; fileRef = 183821A41EBB2CF8000F39E9 /* BarApp.xcdatamodeld */; };
		183821A81EBB2CF8000F39E9 /* Assets.xcassets in Resources */ = {isa = PBXBuildFile; fileRef = 183821A71EBB2CF8000F39E9 /* Assets.xcassets */; };
		183821AB1EBB2CF8000F39E9 /* LaunchScreen.storyboard in Resources */ = {isa = PBXBuildFile; fileRef = 183821A91EBB2CF8000F39E9 /* LaunchScreen.storyboard */; };
		183821B61EBB2CF9000F39E9 /* BarAppTests.swift in Sources */ = {isa = PBXBuildFile; fileRef = 183821B51EBB2CF9000F39E9 /* BarAppTests.swift */; };
		183821C11EBB2CF9000F39E9 /* BarAppUITests.swift in Sources */ = {isa = PBXBuildFile; fileRef = 183821C01EBB2CF9000F39E9 /* BarAppUITests.swift */; };
		183821D11EBB2E28000F39E9 /* KYDrawerController.swift in Sources */ = {isa = PBXBuildFile; fileRef = 183821CE1EBB2E28000F39E9 /* KYDrawerController.swift */; };
		183821D21EBB2E28000F39E9 /* KYEmbedDrawerControllerSegue.swift in Sources */ = {isa = PBXBuildFile; fileRef = 183821CF1EBB2E28000F39E9 /* KYEmbedDrawerControllerSegue.swift */; };
		183821D31EBB2E28000F39E9 /* KYEmbedMainControllerSegue.swift in Sources */ = {isa = PBXBuildFile; fileRef = 183821D01EBB2E28000F39E9 /* KYEmbedMainControllerSegue.swift */; };
		183821D91EBB2EB8000F39E9 /* ACFloatingTextfield.swift in Sources */ = {isa = PBXBuildFile; fileRef = 183821D51EBB2EB8000F39E9 /* ACFloatingTextfield.swift */; };
		183821DC1EBB2EB8000F39E9 /* SignUpVC.swift in Sources */ = {isa = PBXBuildFile; fileRef = 183821D81EBB2EB8000F39E9 /* SignUpVC.swift */; };
		183821E71EBB527C000F39E9 /* MainViewController.swift in Sources */ = {isa = PBXBuildFile; fileRef = 183821E51EBB527C000F39E9 /* MainViewController.swift */; };
		183C29BF1ECEC437008DCE89 /* ValueOnHandVC.swift in Sources */ = {isa = PBXBuildFile; fileRef = 183C29BD1ECEC436008DCE89 /* ValueOnHandVC.swift */; };
		183C29C01ECEC437008DCE89 /* ValueonhandVCcell.swift in Sources */ = {isa = PBXBuildFile; fileRef = 183C29BE1ECEC436008DCE89 /* ValueonhandVCcell.swift */; };
		183C29C31ECEC446008DCE89 /* ParListVC.swift in Sources */ = {isa = PBXBuildFile; fileRef = 183C29C11ECEC446008DCE89 /* ParListVC.swift */; };
		183C29C41ECEC446008DCE89 /* ParListVCCell.swift in Sources */ = {isa = PBXBuildFile; fileRef = 183C29C21ECEC446008DCE89 /* ParListVCCell.swift */; };
		183E69321EC2E9BD009DD72A /* PurchaseStockVC.swift in Sources */ = {isa = PBXBuildFile; fileRef = 183E69311EC2E9BD009DD72A /* PurchaseStockVC.swift */; };
		183E69341EC2EDD7009DD72A /* DefaultVC.swift in Sources */ = {isa = PBXBuildFile; fileRef = 183E69331EC2EDD7009DD72A /* DefaultVC.swift */; };
		183E69361EC32BAD009DD72A /* PurchaseStockCell.swift in Sources */ = {isa = PBXBuildFile; fileRef = 183E69351EC32BAD009DD72A /* PurchaseStockCell.swift */; };
		18483F721ECACDD40041C48A /* VenueSummaryVC.swift in Sources */ = {isa = PBXBuildFile; fileRef = 18483F711ECACDD40041C48A /* VenueSummaryVC.swift */; };
		18483F741ECAD3A40041C48A /* VenueSummaryCell.swift in Sources */ = {isa = PBXBuildFile; fileRef = 18483F731ECAD3A40041C48A /* VenueSummaryCell.swift */; };
		18483F761ECAD6FC0041C48A /* BottleDetailsVC.swift in Sources */ = {isa = PBXBuildFile; fileRef = 18483F751ECAD6FC0041C48A /* BottleDetailsVC.swift */; };
		18483F791ECB02E60041C48A /* AddBarVC.swift in Sources */ = {isa = PBXBuildFile; fileRef = 18483F781ECB02E60041C48A /* AddBarVC.swift */; };
		18483F7B1ECB03040041C48A /* AddBarCell.swift in Sources */ = {isa = PBXBuildFile; fileRef = 18483F7A1ECB03040041C48A /* AddBarCell.swift */; };
		18483F7E1ECB031F0041C48A /* AddsectionCell.swift in Sources */ = {isa = PBXBuildFile; fileRef = 18483F7D1ECB031F0041C48A /* AddsectionCell.swift */; };
		18483F801ECB033F0041C48A /* AddSectionVC.swift in Sources */ = {isa = PBXBuildFile; fileRef = 18483F7F1ECB033F0041C48A /* AddSectionVC.swift */; };
		18483F821ECB03990041C48A /* AddBottlesVC.swift in Sources */ = {isa = PBXBuildFile; fileRef = 18483F811ECB03990041C48A /* AddBottlesVC.swift */; };
		18483F851ECB03DB0041C48A /* AddBottlesCell.swift in Sources */ = {isa = PBXBuildFile; fileRef = 18483F841ECB03DB0041C48A /* AddBottlesCell.swift */; };
		18483F881ECB04640041C48A /* LiquorSliderVC.swift in Sources */ = {isa = PBXBuildFile; fileRef = 18483F871ECB04640041C48A /* LiquorSliderVC.swift */; };
		18483F8A1ECB2DCA0041C48A /* MyInventoryTypeVC.swift in Sources */ = {isa = PBXBuildFile; fileRef = 18483F891ECB2DCA0041C48A /* MyInventoryTypeVC.swift */; };
		186320EC1ECC2D01003A5AA5 /* InventoryTypeCell.swift in Sources */ = {isa = PBXBuildFile; fileRef = 186320EB1ECC2D01003A5AA5 /* InventoryTypeCell.swift */; };
		186320EE1ECC5B0C003A5AA5 /* AddNewBottlesVC.swift in Sources */ = {isa = PBXBuildFile; fileRef = 186320ED1ECC5B0C003A5AA5 /* AddNewBottlesVC.swift */; };
		186320F11ECC5B38003A5AA5 /* AddCustomBottleVC.swift in Sources */ = {isa = PBXBuildFile; fileRef = 186320F01ECC5B38003A5AA5 /* AddCustomBottleVC.swift */; };
		186320F31ECC60AD003A5AA5 /* TakePhotoVC.swift in Sources */ = {isa = PBXBuildFile; fileRef = 186320F21ECC60AC003A5AA5 /* TakePhotoVC.swift */; };
		186320F51ECC86EA003A5AA5 /* CustomKEGVC.swift in Sources */ = {isa = PBXBuildFile; fileRef = 186320F41ECC86EA003A5AA5 /* CustomKEGVC.swift */; };
		186320F71ECC8706003A5AA5 /* CustomBottleVC.swift in Sources */ = {isa = PBXBuildFile; fileRef = 186320F61ECC8706003A5AA5 /* CustomBottleVC.swift */; };
		186320F91ECC89A8003A5AA5 /* MinMaxSelectVC.swift in Sources */ = {isa = PBXBuildFile; fileRef = 186320F81ECC89A8003A5AA5 /* MinMaxSelectVC.swift */; };
		18723B2F1EBC6BF900E5EF7B /* DrawerViewController.swift in Sources */ = {isa = PBXBuildFile; fileRef = 18723B2E1EBC6BF900E5EF7B /* DrawerViewController.swift */; };
		18723B311EBC7A3E00E5EF7B /* DrawerCell.swift in Sources */ = {isa = PBXBuildFile; fileRef = 18723B301EBC7A3D00E5EF7B /* DrawerCell.swift */; };
		18B9C44A1EBC92B400B29937 /* ProfileVC.swift in Sources */ = {isa = PBXBuildFile; fileRef = 18B9C4491EBC92B300B29937 /* ProfileVC.swift */; };
		18B9C44C1EBC92D100B29937 /* ProfileEditVC.swift in Sources */ = {isa = PBXBuildFile; fileRef = 18B9C44B1EBC92D100B29937 /* ProfileEditVC.swift */; };
		18B9C44E1EBC92E300B29937 /* ChangePasswordVC.swift in Sources */ = {isa = PBXBuildFile; fileRef = 18B9C44D1EBC92E300B29937 /* ChangePasswordVC.swift */; };
		18B9C4501EBC9CA400B29937 /* UserManagementVC.swift in Sources */ = {isa = PBXBuildFile; fileRef = 18B9C44F1EBC9CA400B29937 /* UserManagementVC.swift */; };
		18B9C4521EBC9CB700B29937 /* UserDetailsVC.swift in Sources */ = {isa = PBXBuildFile; fileRef = 18B9C4511EBC9CB700B29937 /* UserDetailsVC.swift */; };
		18B9C4541EBC9CD400B29937 /* settingsVC.swift in Sources */ = {isa = PBXBuildFile; fileRef = 18B9C4531EBC9CD400B29937 /* settingsVC.swift */; };
		18B9C4561EBC9CE700B29937 /* EmailManagementVC.swift in Sources */ = {isa = PBXBuildFile; fileRef = 18B9C4551EBC9CE700B29937 /* EmailManagementVC.swift */; };
		18B9C4581EBC9D2300B29937 /* AddEmailVC.swift in Sources */ = {isa = PBXBuildFile; fileRef = 18B9C4571EBC9D2300B29937 /* AddEmailVC.swift */; };
		4C4C9F47B106F0515AE47F2F /* Pods_BarApp.framework in Frameworks */ = {isa = PBXBuildFile; fileRef = 9DF8E0C9E195C19707DD5D2B /* Pods_BarApp.framework */; };
		777F4178AE1C281D506EEE80 /* Pods_BarAppTests.framework in Frameworks */ = {isa = PBXBuildFile; fileRef = 79E78F44F9E2B387C799C084 /* Pods_BarAppTests.framework */; };
		ADC60C2D1ECEFA7500A89F10 /* Alert.swift in Sources */ = {isa = PBXBuildFile; fileRef = ADC60C2C1ECEFA7500A89F10 /* Alert.swift */; };
		BB2CCBEF1D6BFDCC1A590E13 /* Pods_BarAppUITests.framework in Frameworks */ = {isa = PBXBuildFile; fileRef = C8ACFC9128D5F96F8A9888CC /* Pods_BarAppUITests.framework */; };
/* End PBXBuildFile section */

/* Begin PBXContainerItemProxy section */
		183821B21EBB2CF9000F39E9 /* PBXContainerItemProxy */ = {
			isa = PBXContainerItemProxy;
			containerPortal = 183821921EBB2CF7000F39E9 /* Project object */;
			proxyType = 1;
			remoteGlobalIDString = 183821991EBB2CF7000F39E9;
			remoteInfo = BarApp;
		};
		183821BD1EBB2CF9000F39E9 /* PBXContainerItemProxy */ = {
			isa = PBXContainerItemProxy;
			containerPortal = 183821921EBB2CF7000F39E9 /* Project object */;
			proxyType = 1;
			remoteGlobalIDString = 183821991EBB2CF7000F39E9;
			remoteInfo = BarApp;
		};
/* End PBXContainerItemProxy section */

/* Begin PBXFileReference section */
		18024C371EC9B6F800752C81 /* DistributorListVC.swift */ = {isa = PBXFileReference; fileEncoding = 4; lastKnownFileType = sourcecode.swift; path = DistributorListVC.swift; sourceTree = "<group>"; };
		18024C391EC9BB2100752C81 /* DistributorListCell.swift */ = {isa = PBXFileReference; fileEncoding = 4; lastKnownFileType = sourcecode.swift; path = DistributorListCell.swift; sourceTree = "<group>"; };
		1830A8FE1ED56C17003E71F5 /* RangeSlider.swift */ = {isa = PBXFileReference; fileEncoding = 4; lastKnownFileType = sourcecode.swift; path = RangeSlider.swift; sourceTree = "<group>"; };
		1830A9001ED56C24003E71F5 /* RangeSliderFramework */ = {isa = PBXFileReference; lastKnownFileType = folder; path = RangeSliderFramework; sourceTree = "<group>"; };
		1838219A1EBB2CF8000F39E9 /* BarApp.app */ = {isa = PBXFileReference; explicitFileType = wrapper.application; includeInIndex = 0; path = BarApp.app; sourceTree = BUILT_PRODUCTS_DIR; };
		1838219D1EBB2CF8000F39E9 /* AppDelegate.swift */ = {isa = PBXFileReference; lastKnownFileType = sourcecode.swift; path = AppDelegate.swift; sourceTree = "<group>"; };
		1838219F1EBB2CF8000F39E9 /* ViewController.swift */ = {isa = PBXFileReference; lastKnownFileType = sourcecode.swift; path = ViewController.swift; sourceTree = "<group>"; };
		183821A21EBB2CF8000F39E9 /* Base */ = {isa = PBXFileReference; lastKnownFileType = file.storyboard; name = Base; path = Base.lproj/Main.storyboard; sourceTree = "<group>"; };
		183821A51EBB2CF8000F39E9 /* BarApp.xcdatamodel */ = {isa = PBXFileReference; lastKnownFileType = wrapper.xcdatamodel; path = BarApp.xcdatamodel; sourceTree = "<group>"; };
		183821A71EBB2CF8000F39E9 /* Assets.xcassets */ = {isa = PBXFileReference; lastKnownFileType = folder.assetcatalog; path = Assets.xcassets; sourceTree = "<group>"; };
		183821AA1EBB2CF8000F39E9 /* Base */ = {isa = PBXFileReference; lastKnownFileType = file.storyboard; name = Base; path = Base.lproj/LaunchScreen.storyboard; sourceTree = "<group>"; };
		183821AC1EBB2CF8000F39E9 /* Info.plist */ = {isa = PBXFileReference; lastKnownFileType = text.plist.xml; path = Info.plist; sourceTree = "<group>"; };
		183821B11EBB2CF9000F39E9 /* BarAppTests.xctest */ = {isa = PBXFileReference; explicitFileType = wrapper.cfbundle; includeInIndex = 0; path = BarAppTests.xctest; sourceTree = BUILT_PRODUCTS_DIR; };
		183821B51EBB2CF9000F39E9 /* BarAppTests.swift */ = {isa = PBXFileReference; lastKnownFileType = sourcecode.swift; path = BarAppTests.swift; sourceTree = "<group>"; };
		183821B71EBB2CF9000F39E9 /* Info.plist */ = {isa = PBXFileReference; lastKnownFileType = text.plist.xml; path = Info.plist; sourceTree = "<group>"; };
		183821BC1EBB2CF9000F39E9 /* BarAppUITests.xctest */ = {isa = PBXFileReference; explicitFileType = wrapper.cfbundle; includeInIndex = 0; path = BarAppUITests.xctest; sourceTree = BUILT_PRODUCTS_DIR; };
		183821C01EBB2CF9000F39E9 /* BarAppUITests.swift */ = {isa = PBXFileReference; lastKnownFileType = sourcecode.swift; path = BarAppUITests.swift; sourceTree = "<group>"; };
		183821C21EBB2CF9000F39E9 /* Info.plist */ = {isa = PBXFileReference; lastKnownFileType = text.plist.xml; path = Info.plist; sourceTree = "<group>"; };
		183821CE1EBB2E28000F39E9 /* KYDrawerController.swift */ = {isa = PBXFileReference; fileEncoding = 4; lastKnownFileType = sourcecode.swift; path = KYDrawerController.swift; sourceTree = "<group>"; };
		183821CF1EBB2E28000F39E9 /* KYEmbedDrawerControllerSegue.swift */ = {isa = PBXFileReference; fileEncoding = 4; lastKnownFileType = sourcecode.swift; path = KYEmbedDrawerControllerSegue.swift; sourceTree = "<group>"; };
		183821D01EBB2E28000F39E9 /* KYEmbedMainControllerSegue.swift */ = {isa = PBXFileReference; fileEncoding = 4; lastKnownFileType = sourcecode.swift; path = KYEmbedMainControllerSegue.swift; sourceTree = "<group>"; };
		183821D51EBB2EB8000F39E9 /* ACFloatingTextfield.swift */ = {isa = PBXFileReference; fileEncoding = 4; lastKnownFileType = sourcecode.swift; path = ACFloatingTextfield.swift; sourceTree = "<group>"; };
		183821D81EBB2EB8000F39E9 /* SignUpVC.swift */ = {isa = PBXFileReference; fileEncoding = 4; lastKnownFileType = sourcecode.swift; path = SignUpVC.swift; sourceTree = "<group>"; };
		183821DD1EBB2F6B000F39E9 /* BarApp-Bridging-Header.h */ = {isa = PBXFileReference; lastKnownFileType = sourcecode.c.h; path = "BarApp-Bridging-Header.h"; sourceTree = "<group>"; };
		183821E51EBB527C000F39E9 /* MainViewController.swift */ = {isa = PBXFileReference; fileEncoding = 4; lastKnownFileType = sourcecode.swift; path = MainViewController.swift; sourceTree = "<group>"; };
		183C29BD1ECEC436008DCE89 /* ValueOnHandVC.swift */ = {isa = PBXFileReference; fileEncoding = 4; lastKnownFileType = sourcecode.swift; path = ValueOnHandVC.swift; sourceTree = "<group>"; };
		183C29BE1ECEC436008DCE89 /* ValueonhandVCcell.swift */ = {isa = PBXFileReference; fileEncoding = 4; lastKnownFileType = sourcecode.swift; path = ValueonhandVCcell.swift; sourceTree = "<group>"; };
		183C29C11ECEC446008DCE89 /* ParListVC.swift */ = {isa = PBXFileReference; fileEncoding = 4; lastKnownFileType = sourcecode.swift; path = ParListVC.swift; sourceTree = "<group>"; };
		183C29C21ECEC446008DCE89 /* ParListVCCell.swift */ = {isa = PBXFileReference; fileEncoding = 4; lastKnownFileType = sourcecode.swift; path = ParListVCCell.swift; sourceTree = "<group>"; };
		183E69311EC2E9BD009DD72A /* PurchaseStockVC.swift */ = {isa = PBXFileReference; fileEncoding = 4; lastKnownFileType = sourcecode.swift; path = PurchaseStockVC.swift; sourceTree = "<group>"; };
		183E69331EC2EDD7009DD72A /* DefaultVC.swift */ = {isa = PBXFileReference; fileEncoding = 4; lastKnownFileType = sourcecode.swift; path = DefaultVC.swift; sourceTree = "<group>"; };
		183E69351EC32BAD009DD72A /* PurchaseStockCell.swift */ = {isa = PBXFileReference; fileEncoding = 4; lastKnownFileType = sourcecode.swift; path = PurchaseStockCell.swift; sourceTree = "<group>"; };
		18483F711ECACDD40041C48A /* VenueSummaryVC.swift */ = {isa = PBXFileReference; fileEncoding = 4; lastKnownFileType = sourcecode.swift; path = VenueSummaryVC.swift; sourceTree = "<group>"; };
		18483F731ECAD3A40041C48A /* VenueSummaryCell.swift */ = {isa = PBXFileReference; fileEncoding = 4; lastKnownFileType = sourcecode.swift; path = VenueSummaryCell.swift; sourceTree = "<group>"; };
		18483F751ECAD6FC0041C48A /* BottleDetailsVC.swift */ = {isa = PBXFileReference; fileEncoding = 4; lastKnownFileType = sourcecode.swift; path = BottleDetailsVC.swift; sourceTree = "<group>"; };
		18483F781ECB02E60041C48A /* AddBarVC.swift */ = {isa = PBXFileReference; fileEncoding = 4; lastKnownFileType = sourcecode.swift; path = AddBarVC.swift; sourceTree = "<group>"; };
		18483F7A1ECB03040041C48A /* AddBarCell.swift */ = {isa = PBXFileReference; fileEncoding = 4; lastKnownFileType = sourcecode.swift; path = AddBarCell.swift; sourceTree = "<group>"; };
		18483F7D1ECB031F0041C48A /* AddsectionCell.swift */ = {isa = PBXFileReference; fileEncoding = 4; lastKnownFileType = sourcecode.swift; path = AddsectionCell.swift; sourceTree = "<group>"; };
		18483F7F1ECB033F0041C48A /* AddSectionVC.swift */ = {isa = PBXFileReference; fileEncoding = 4; lastKnownFileType = sourcecode.swift; path = AddSectionVC.swift; sourceTree = "<group>"; };
		18483F811ECB03990041C48A /* AddBottlesVC.swift */ = {isa = PBXFileReference; fileEncoding = 4; lastKnownFileType = sourcecode.swift; path = AddBottlesVC.swift; sourceTree = "<group>"; };
		18483F841ECB03DB0041C48A /* AddBottlesCell.swift */ = {isa = PBXFileReference; fileEncoding = 4; lastKnownFileType = sourcecode.swift; path = AddBottlesCell.swift; sourceTree = "<group>"; };
		18483F871ECB04640041C48A /* LiquorSliderVC.swift */ = {isa = PBXFileReference; fileEncoding = 4; lastKnownFileType = sourcecode.swift; path = LiquorSliderVC.swift; sourceTree = "<group>"; };
		18483F891ECB2DCA0041C48A /* MyInventoryTypeVC.swift */ = {isa = PBXFileReference; fileEncoding = 4; lastKnownFileType = sourcecode.swift; path = MyInventoryTypeVC.swift; sourceTree = "<group>"; };
		186320EB1ECC2D01003A5AA5 /* InventoryTypeCell.swift */ = {isa = PBXFileReference; fileEncoding = 4; lastKnownFileType = sourcecode.swift; path = InventoryTypeCell.swift; sourceTree = "<group>"; };
		186320ED1ECC5B0C003A5AA5 /* AddNewBottlesVC.swift */ = {isa = PBXFileReference; fileEncoding = 4; lastKnownFileType = sourcecode.swift; path = AddNewBottlesVC.swift; sourceTree = "<group>"; };
		186320F01ECC5B38003A5AA5 /* AddCustomBottleVC.swift */ = {isa = PBXFileReference; fileEncoding = 4; lastKnownFileType = sourcecode.swift; path = AddCustomBottleVC.swift; sourceTree = "<group>"; };
		186320F21ECC60AC003A5AA5 /* TakePhotoVC.swift */ = {isa = PBXFileReference; fileEncoding = 4; lastKnownFileType = sourcecode.swift; path = TakePhotoVC.swift; sourceTree = "<group>"; };
		186320F41ECC86EA003A5AA5 /* CustomKEGVC.swift */ = {isa = PBXFileReference; fileEncoding = 4; lastKnownFileType = sourcecode.swift; path = CustomKEGVC.swift; sourceTree = "<group>"; };
		186320F61ECC8706003A5AA5 /* CustomBottleVC.swift */ = {isa = PBXFileReference; fileEncoding = 4; lastKnownFileType = sourcecode.swift; path = CustomBottleVC.swift; sourceTree = "<group>"; };
		186320F81ECC89A8003A5AA5 /* MinMaxSelectVC.swift */ = {isa = PBXFileReference; fileEncoding = 4; lastKnownFileType = sourcecode.swift; path = MinMaxSelectVC.swift; sourceTree = "<group>"; };
		18723B2E1EBC6BF900E5EF7B /* DrawerViewController.swift */ = {isa = PBXFileReference; fileEncoding = 4; lastKnownFileType = sourcecode.swift; path = DrawerViewController.swift; sourceTree = "<group>"; };
		18723B301EBC7A3D00E5EF7B /* DrawerCell.swift */ = {isa = PBXFileReference; fileEncoding = 4; lastKnownFileType = sourcecode.swift; path = DrawerCell.swift; sourceTree = "<group>"; };
		18B9C4491EBC92B300B29937 /* ProfileVC.swift */ = {isa = PBXFileReference; fileEncoding = 4; lastKnownFileType = sourcecode.swift; path = ProfileVC.swift; sourceTree = "<group>"; };
		18B9C44B1EBC92D100B29937 /* ProfileEditVC.swift */ = {isa = PBXFileReference; fileEncoding = 4; lastKnownFileType = sourcecode.swift; path = ProfileEditVC.swift; sourceTree = "<group>"; };
		18B9C44D1EBC92E300B29937 /* ChangePasswordVC.swift */ = {isa = PBXFileReference; fileEncoding = 4; lastKnownFileType = sourcecode.swift; path = ChangePasswordVC.swift; sourceTree = "<group>"; };
		18B9C44F1EBC9CA400B29937 /* UserManagementVC.swift */ = {isa = PBXFileReference; fileEncoding = 4; lastKnownFileType = sourcecode.swift; path = UserManagementVC.swift; sourceTree = "<group>"; };
		18B9C4511EBC9CB700B29937 /* UserDetailsVC.swift */ = {isa = PBXFileReference; fileEncoding = 4; lastKnownFileType = sourcecode.swift; path = UserDetailsVC.swift; sourceTree = "<group>"; };
		18B9C4531EBC9CD400B29937 /* settingsVC.swift */ = {isa = PBXFileReference; fileEncoding = 4; lastKnownFileType = sourcecode.swift; path = settingsVC.swift; sourceTree = "<group>"; };
		18B9C4551EBC9CE700B29937 /* EmailManagementVC.swift */ = {isa = PBXFileReference; fileEncoding = 4; lastKnownFileType = sourcecode.swift; path = EmailManagementVC.swift; sourceTree = "<group>"; };
		18B9C4571EBC9D2300B29937 /* AddEmailVC.swift */ = {isa = PBXFileReference; fileEncoding = 4; lastKnownFileType = sourcecode.swift; path = AddEmailVC.swift; sourceTree = "<group>"; };
		3D3DF62809C8424A1893A34A /* Pods-BarApp.debug.xcconfig */ = {isa = PBXFileReference; includeInIndex = 1; lastKnownFileType = text.xcconfig; name = "Pods-BarApp.debug.xcconfig"; path = "Pods/Target Support Files/Pods-BarApp/Pods-BarApp.debug.xcconfig"; sourceTree = "<group>"; };
		434AE4C32DFDE4CE939A58F3 /* Pods-BarAppTests.debug.xcconfig */ = {isa = PBXFileReference; includeInIndex = 1; lastKnownFileType = text.xcconfig; name = "Pods-BarAppTests.debug.xcconfig"; path = "Pods/Target Support Files/Pods-BarAppTests/Pods-BarAppTests.debug.xcconfig"; sourceTree = "<group>"; };
		4E98B5A7E87FF52B02B60A3E /* Pods-BarAppUITests.release.xcconfig */ = {isa = PBXFileReference; includeInIndex = 1; lastKnownFileType = text.xcconfig; name = "Pods-BarAppUITests.release.xcconfig"; path = "Pods/Target Support Files/Pods-BarAppUITests/Pods-BarAppUITests.release.xcconfig"; sourceTree = "<group>"; };
		79E78F44F9E2B387C799C084 /* Pods_BarAppTests.framework */ = {isa = PBXFileReference; explicitFileType = wrapper.framework; includeInIndex = 0; path = Pods_BarAppTests.framework; sourceTree = BUILT_PRODUCTS_DIR; };
		8EDF5990CC5CBDF0C3B3806B /* Pods-BarAppUITests.debug.xcconfig */ = {isa = PBXFileReference; includeInIndex = 1; lastKnownFileType = text.xcconfig; name = "Pods-BarAppUITests.debug.xcconfig"; path = "Pods/Target Support Files/Pods-BarAppUITests/Pods-BarAppUITests.debug.xcconfig"; sourceTree = "<group>"; };
		9DF8E0C9E195C19707DD5D2B /* Pods_BarApp.framework */ = {isa = PBXFileReference; explicitFileType = wrapper.framework; includeInIndex = 0; path = Pods_BarApp.framework; sourceTree = BUILT_PRODUCTS_DIR; };
		ADC60C2C1ECEFA7500A89F10 /* Alert.swift */ = {isa = PBXFileReference; fileEncoding = 4; lastKnownFileType = sourcecode.swift; path = Alert.swift; sourceTree = "<group>"; };
		C71B8B05CBF0D54F1D718D46 /* Pods-BarApp.release.xcconfig */ = {isa = PBXFileReference; includeInIndex = 1; lastKnownFileType = text.xcconfig; name = "Pods-BarApp.release.xcconfig"; path = "Pods/Target Support Files/Pods-BarApp/Pods-BarApp.release.xcconfig"; sourceTree = "<group>"; };
		C8ACFC9128D5F96F8A9888CC /* Pods_BarAppUITests.framework */ = {isa = PBXFileReference; explicitFileType = wrapper.framework; includeInIndex = 0; path = Pods_BarAppUITests.framework; sourceTree = BUILT_PRODUCTS_DIR; };
		FBFE39EB0798D76720E51FA8 /* Pods-BarAppTests.release.xcconfig */ = {isa = PBXFileReference; includeInIndex = 1; lastKnownFileType = text.xcconfig; name = "Pods-BarAppTests.release.xcconfig"; path = "Pods/Target Support Files/Pods-BarAppTests/Pods-BarAppTests.release.xcconfig"; sourceTree = "<group>"; };
/* End PBXFileReference section */

/* Begin PBXFrameworksBuildPhase section */
		183821971EBB2CF7000F39E9 /* Frameworks */ = {
			isa = PBXFrameworksBuildPhase;
			buildActionMask = 2147483647;
			files = (
				4C4C9F47B106F0515AE47F2F /* Pods_BarApp.framework in Frameworks */,
			);
			runOnlyForDeploymentPostprocessing = 0;
		};
		183821AE1EBB2CF9000F39E9 /* Frameworks */ = {
			isa = PBXFrameworksBuildPhase;
			buildActionMask = 2147483647;
			files = (
				777F4178AE1C281D506EEE80 /* Pods_BarAppTests.framework in Frameworks */,
			);
			runOnlyForDeploymentPostprocessing = 0;
		};
		183821B91EBB2CF9000F39E9 /* Frameworks */ = {
			isa = PBXFrameworksBuildPhase;
			buildActionMask = 2147483647;
			files = (
				BB2CCBEF1D6BFDCC1A590E13 /* Pods_BarAppUITests.framework in Frameworks */,
			);
			runOnlyForDeploymentPostprocessing = 0;
		};
/* End PBXFrameworksBuildPhase section */

/* Begin PBXGroup section */
		183821911EBB2CF6000F39E9 = {
			isa = PBXGroup;
			children = (
				1838219C1EBB2CF8000F39E9 /* BarApp */,
				183821B41EBB2CF9000F39E9 /* BarAppTests */,
				183821BF1EBB2CF9000F39E9 /* BarAppUITests */,
				1838219B1EBB2CF8000F39E9 /* Products */,
				20B0FA546FEEC7BE1F865172 /* Pods */,
				84E267E52D148EFF69549595 /* Frameworks */,
			);
			sourceTree = "<group>";
		};
		1838219B1EBB2CF8000F39E9 /* Products */ = {
			isa = PBXGroup;
			children = (
				1838219A1EBB2CF8000F39E9 /* BarApp.app */,
				183821B11EBB2CF9000F39E9 /* BarAppTests.xctest */,
				183821BC1EBB2CF9000F39E9 /* BarAppUITests.xctest */,
			);
			name = Products;
			sourceTree = "<group>";
		};
		1838219C1EBB2CF8000F39E9 /* BarApp */ = {
			isa = PBXGroup;
			children = (
				1830A9001ED56C24003E71F5 /* RangeSliderFramework */,
				1830A8FE1ED56C17003E71F5 /* RangeSlider.swift */,
				189B82691ED0256500727ED3 /* Settings */,
				189B82681ED0254D00727ED3 /* Drawer */,
				189B82671ED0251E00727ED3 /* SignUp And Login */,
				183C29C51ECEC7F2008DCE89 /* Constant */,
				183C29BC1ECEC407008DCE89 /* ValueOnhand */,
				183C29BB1ECEC3FB008DCE89 /* ParList */,
				186320EF1ECC5B1F003A5AA5 /* Add Custom BOttles */,
				18483F861ECB04480041C48A /* Liquor Slider */,
				18483F7C1ECB03090041C48A /* AddSection */,
				18483F771ECB02CE0041C48A /* Add Bar */,
				18483F831ECB03A50041C48A /* Add Bottles */,
				183821D41EBB2E33000F39E9 /* KYDrawerViewController */,
				1838219D1EBB2CF8000F39E9 /* AppDelegate.swift */,
				183821D51EBB2EB8000F39E9 /* ACFloatingTextfield.swift */,
				183821A11EBB2CF8000F39E9 /* Main.storyboard */,
				183821A71EBB2CF8000F39E9 /* Assets.xcassets */,
				183821A91EBB2CF8000F39E9 /* LaunchScreen.storyboard */,
				183821AC1EBB2CF8000F39E9 /* Info.plist */,
				183821A41EBB2CF8000F39E9 /* BarApp.xcdatamodeld */,
				183821DD1EBB2F6B000F39E9 /* BarApp-Bridging-Header.h */,
				183821E51EBB527C000F39E9 /* MainViewController.swift */,
				18B9C4491EBC92B300B29937 /* ProfileVC.swift */,
				18B9C44B1EBC92D100B29937 /* ProfileEditVC.swift */,
				18B9C44D1EBC92E300B29937 /* ChangePasswordVC.swift */,
				18B9C44F1EBC9CA400B29937 /* UserManagementVC.swift */,
				18B9C4511EBC9CB700B29937 /* UserDetailsVC.swift */,
				18B9C4531EBC9CD400B29937 /* settingsVC.swift */,
				18B9C4551EBC9CE700B29937 /* EmailManagementVC.swift */,
				18B9C4571EBC9D2300B29937 /* AddEmailVC.swift */,
				183E69311EC2E9BD009DD72A /* PurchaseStockVC.swift */,
				183E69331EC2EDD7009DD72A /* DefaultVC.swift */,
				183E69351EC32BAD009DD72A /* PurchaseStockCell.swift */,
				18024C371EC9B6F800752C81 /* DistributorListVC.swift */,
				18024C391EC9BB2100752C81 /* DistributorListCell.swift */,
				18483F711ECACDD40041C48A /* VenueSummaryVC.swift */,
				18483F731ECAD3A40041C48A /* VenueSummaryCell.swift */,
				18483F751ECAD6FC0041C48A /* BottleDetailsVC.swift */,
				ADC60C2C1ECEFA7500A89F10 /* Alert.swift */,
			);
			path = BarApp;
			sourceTree = "<group>";
		};
		183821B41EBB2CF9000F39E9 /* BarAppTests */ = {
			isa = PBXGroup;
			children = (
				183821B51EBB2CF9000F39E9 /* BarAppTests.swift */,
				183821B71EBB2CF9000F39E9 /* Info.plist */,
			);
			path = BarAppTests;
			sourceTree = "<group>";
		};
		183821BF1EBB2CF9000F39E9 /* BarAppUITests */ = {
			isa = PBXGroup;
			children = (
				183821C01EBB2CF9000F39E9 /* BarAppUITests.swift */,
				183821C21EBB2CF9000F39E9 /* Info.plist */,
			);
			path = BarAppUITests;
			sourceTree = "<group>";
		};
		183821D41EBB2E33000F39E9 /* KYDrawerViewController */ = {
			isa = PBXGroup;
			children = (
				183821CF1EBB2E28000F39E9 /* KYEmbedDrawerControllerSegue.swift */,
				183821D01EBB2E28000F39E9 /* KYEmbedMainControllerSegue.swift */,
				183821CE1EBB2E28000F39E9 /* KYDrawerController.swift */,
			);
			name = KYDrawerViewController;
			sourceTree = "<group>";
		};
		183C29BB1ECEC3FB008DCE89 /* ParList */ = {
			isa = PBXGroup;
			children = (
				183C29C11ECEC446008DCE89 /* ParListVC.swift */,
				183C29C21ECEC446008DCE89 /* ParListVCCell.swift */,
			);
			name = ParList;
			sourceTree = "<group>";
		};
		183C29BC1ECEC407008DCE89 /* ValueOnhand */ = {
			isa = PBXGroup;
			children = (
				183C29BD1ECEC436008DCE89 /* ValueOnHandVC.swift */,
				183C29BE1ECEC436008DCE89 /* ValueonhandVCcell.swift */,
			);
			name = ValueOnhand;
			sourceTree = "<group>";
		};
		183C29C51ECEC7F2008DCE89 /* Constant */ = {
			isa = PBXGroup;
			children = (
			);
			name = Constant;
			sourceTree = "<group>";
		};
		18483F771ECB02CE0041C48A /* Add Bar */ = {
			isa = PBXGroup;
			children = (
				18483F781ECB02E60041C48A /* AddBarVC.swift */,
				18483F7A1ECB03040041C48A /* AddBarCell.swift */,
			);
			name = "Add Bar";
			sourceTree = "<group>";
		};
		18483F7C1ECB03090041C48A /* AddSection */ = {
			isa = PBXGroup;
			children = (
				18483F7D1ECB031F0041C48A /* AddsectionCell.swift */,
				18483F7F1ECB033F0041C48A /* AddSectionVC.swift */,
			);
			name = AddSection;
			sourceTree = "<group>";
		};
		18483F831ECB03A50041C48A /* Add Bottles */ = {
			isa = PBXGroup;
			children = (
				18483F811ECB03990041C48A /* AddBottlesVC.swift */,
				18483F841ECB03DB0041C48A /* AddBottlesCell.swift */,
				186320ED1ECC5B0C003A5AA5 /* AddNewBottlesVC.swift */,
			);
			name = "Add Bottles";
			sourceTree = "<group>";
		};
		18483F861ECB04480041C48A /* Liquor Slider */ = {
			isa = PBXGroup;
			children = (
				18483F871ECB04640041C48A /* LiquorSliderVC.swift */,
				18483F891ECB2DCA0041C48A /* MyInventoryTypeVC.swift */,
				186320EB1ECC2D01003A5AA5 /* InventoryTypeCell.swift */,
			);
			name = "Liquor Slider";
			sourceTree = "<group>";
		};
		186320EF1ECC5B1F003A5AA5 /* Add Custom BOttles */ = {
			isa = PBXGroup;
			children = (
				186320F01ECC5B38003A5AA5 /* AddCustomBottleVC.swift */,
				186320F21ECC60AC003A5AA5 /* TakePhotoVC.swift */,
				186320F41ECC86EA003A5AA5 /* CustomKEGVC.swift */,
				186320F61ECC8706003A5AA5 /* CustomBottleVC.swift */,
				186320F81ECC89A8003A5AA5 /* MinMaxSelectVC.swift */,
			);
			name = "Add Custom BOttles";
			sourceTree = "<group>";
		};
		189B82671ED0251E00727ED3 /* SignUp And Login */ = {
			isa = PBXGroup;
			children = (
				1838219F1EBB2CF8000F39E9 /* ViewController.swift */,
				183821D81EBB2EB8000F39E9 /* SignUpVC.swift */,
			);
			name = "SignUp And Login";
			sourceTree = "<group>";
		};
		189B82681ED0254D00727ED3 /* Drawer */ = {
			isa = PBXGroup;
			children = (
				18723B2E1EBC6BF900E5EF7B /* DrawerViewController.swift */,
				18723B301EBC7A3D00E5EF7B /* DrawerCell.swift */,
			);
			name = Drawer;
			sourceTree = "<group>";
		};
		189B82691ED0256500727ED3 /* Settings */ = {
			isa = PBXGroup;
			children = (
			);
			name = Settings;
			sourceTree = "<group>";
		};
		20B0FA546FEEC7BE1F865172 /* Pods */ = {
			isa = PBXGroup;
			children = (
				3D3DF62809C8424A1893A34A /* Pods-BarApp.debug.xcconfig */,
				C71B8B05CBF0D54F1D718D46 /* Pods-BarApp.release.xcconfig */,
				434AE4C32DFDE4CE939A58F3 /* Pods-BarAppTests.debug.xcconfig */,
				FBFE39EB0798D76720E51FA8 /* Pods-BarAppTests.release.xcconfig */,
				8EDF5990CC5CBDF0C3B3806B /* Pods-BarAppUITests.debug.xcconfig */,
				4E98B5A7E87FF52B02B60A3E /* Pods-BarAppUITests.release.xcconfig */,
			);
			name = Pods;
			sourceTree = "<group>";
		};
		84E267E52D148EFF69549595 /* Frameworks */ = {
			isa = PBXGroup;
			children = (
				9DF8E0C9E195C19707DD5D2B /* Pods_BarApp.framework */,
				79E78F44F9E2B387C799C084 /* Pods_BarAppTests.framework */,
				C8ACFC9128D5F96F8A9888CC /* Pods_BarAppUITests.framework */,
			);
			name = Frameworks;
			sourceTree = "<group>";
		};
/* End PBXGroup section */

/* Begin PBXNativeTarget section */
		183821991EBB2CF7000F39E9 /* BarApp */ = {
			isa = PBXNativeTarget;
			buildConfigurationList = 183821C51EBB2CF9000F39E9 /* Build configuration list for PBXNativeTarget "BarApp" */;
			buildPhases = (
				8AF28D47CCE3D25C33C39FFD /* [CP] Check Pods Manifest.lock */,
				183821961EBB2CF7000F39E9 /* Sources */,
				183821971EBB2CF7000F39E9 /* Frameworks */,
				183821981EBB2CF7000F39E9 /* Resources */,
				0C8656C838B66EBB6F32CA75 /* [CP] Embed Pods Frameworks */,
				E2C19D8D13614C75713E9006 /* [CP] Copy Pods Resources */,
			);
			buildRules = (
			);
			dependencies = (
			);
			name = BarApp;
			productName = BarApp;
			productReference = 1838219A1EBB2CF8000F39E9 /* BarApp.app */;
			productType = "com.apple.product-type.application";
		};
		183821B01EBB2CF9000F39E9 /* BarAppTests */ = {
			isa = PBXNativeTarget;
			buildConfigurationList = 183821C81EBB2CF9000F39E9 /* Build configuration list for PBXNativeTarget "BarAppTests" */;
			buildPhases = (
				071E353B2C35D98E87063F5D /* [CP] Check Pods Manifest.lock */,
				183821AD1EBB2CF9000F39E9 /* Sources */,
				183821AE1EBB2CF9000F39E9 /* Frameworks */,
				183821AF1EBB2CF9000F39E9 /* Resources */,
				FE1ED720F9D7940BB1E7BD76 /* [CP] Embed Pods Frameworks */,
				EEEC59E3F9B23D6B6A52C948 /* [CP] Copy Pods Resources */,
			);
			buildRules = (
			);
			dependencies = (
				183821B31EBB2CF9000F39E9 /* PBXTargetDependency */,
			);
			name = BarAppTests;
			productName = BarAppTests;
			productReference = 183821B11EBB2CF9000F39E9 /* BarAppTests.xctest */;
			productType = "com.apple.product-type.bundle.unit-test";
		};
		183821BB1EBB2CF9000F39E9 /* BarAppUITests */ = {
			isa = PBXNativeTarget;
			buildConfigurationList = 183821CB1EBB2CF9000F39E9 /* Build configuration list for PBXNativeTarget "BarAppUITests" */;
			buildPhases = (
				AFCCF9581968EA94D217928A /* [CP] Check Pods Manifest.lock */,
				183821B81EBB2CF9000F39E9 /* Sources */,
				183821B91EBB2CF9000F39E9 /* Frameworks */,
				183821BA1EBB2CF9000F39E9 /* Resources */,
				4BC6208BD14260240059F7B2 /* [CP] Embed Pods Frameworks */,
				C5B9257F5BA0440006C94522 /* [CP] Copy Pods Resources */,
			);
			buildRules = (
			);
			dependencies = (
				183821BE1EBB2CF9000F39E9 /* PBXTargetDependency */,
			);
			name = BarAppUITests;
			productName = BarAppUITests;
			productReference = 183821BC1EBB2CF9000F39E9 /* BarAppUITests.xctest */;
			productType = "com.apple.product-type.bundle.ui-testing";
		};
/* End PBXNativeTarget section */

/* Begin PBXProject section */
		183821921EBB2CF7000F39E9 /* Project object */ = {
			isa = PBXProject;
			attributes = {
				LastSwiftUpdateCheck = 0800;
				LastUpgradeCheck = 0800;
				ORGANIZATIONNAME = KyrosTechnologies;
				TargetAttributes = {
					183821991EBB2CF7000F39E9 = {
						CreatedOnToolsVersion = 8.0;
						DevelopmentTeam = 8VHGJQR39Z;
						LastSwiftMigration = 0800;
						ProvisioningStyle = Automatic;
					};
					183821B01EBB2CF9000F39E9 = {
						CreatedOnToolsVersion = 8.0;
						DevelopmentTeam = 8VHGJQR39Z;
						ProvisioningStyle = Automatic;
						TestTargetID = 183821991EBB2CF7000F39E9;
					};
					183821BB1EBB2CF9000F39E9 = {
						CreatedOnToolsVersion = 8.0;
						DevelopmentTeam = 8VHGJQR39Z;
						ProvisioningStyle = Automatic;
						TestTargetID = 183821991EBB2CF7000F39E9;
					};
				};
			};
			buildConfigurationList = 183821951EBB2CF7000F39E9 /* Build configuration list for PBXProject "BarApp" */;
			compatibilityVersion = "Xcode 3.2";
			developmentRegion = English;
			hasScannedForEncodings = 0;
			knownRegions = (
				en,
				Base,
			);
			mainGroup = 183821911EBB2CF6000F39E9;
			productRefGroup = 1838219B1EBB2CF8000F39E9 /* Products */;
			projectDirPath = "";
			projectRoot = "";
			targets = (
				183821991EBB2CF7000F39E9 /* BarApp */,
				183821B01EBB2CF9000F39E9 /* BarAppTests */,
				183821BB1EBB2CF9000F39E9 /* BarAppUITests */,
			);
		};
/* End PBXProject section */

/* Begin PBXResourcesBuildPhase section */
		183821981EBB2CF7000F39E9 /* Resources */ = {
			isa = PBXResourcesBuildPhase;
			buildActionMask = 2147483647;
			files = (
				183821AB1EBB2CF8000F39E9 /* LaunchScreen.storyboard in Resources */,
				183821A81EBB2CF8000F39E9 /* Assets.xcassets in Resources */,
				1830A9011ED56C25003E71F5 /* RangeSliderFramework in Resources */,
				183821A31EBB2CF8000F39E9 /* Main.storyboard in Resources */,
			);
			runOnlyForDeploymentPostprocessing = 0;
		};
		183821AF1EBB2CF9000F39E9 /* Resources */ = {
			isa = PBXResourcesBuildPhase;
			buildActionMask = 2147483647;
			files = (
			);
			runOnlyForDeploymentPostprocessing = 0;
		};
		183821BA1EBB2CF9000F39E9 /* Resources */ = {
			isa = PBXResourcesBuildPhase;
			buildActionMask = 2147483647;
			files = (
			);
			runOnlyForDeploymentPostprocessing = 0;
		};
/* End PBXResourcesBuildPhase section */

/* Begin PBXShellScriptBuildPhase section */
		071E353B2C35D98E87063F5D /* [CP] Check Pods Manifest.lock */ = {
			isa = PBXShellScriptBuildPhase;
			buildActionMask = 2147483647;
			files = (
			);
			inputPaths = (
			);
			name = "[CP] Check Pods Manifest.lock";
			outputPaths = (
			);
			runOnlyForDeploymentPostprocessing = 0;
			shellPath = /bin/sh;
			shellScript = "diff \"${PODS_PODFILE_DIR_PATH}/Podfile.lock\" \"${PODS_ROOT}/Manifest.lock\" > /dev/null\nif [ $? != 0 ] ; then\n    # print error to STDERR\n    echo \"error: The sandbox is not in sync with the Podfile.lock. Run 'pod install' or update your CocoaPods installation.\" >&2\n    exit 1\nfi\n";
			showEnvVarsInLog = 0;
		};
		0C8656C838B66EBB6F32CA75 /* [CP] Embed Pods Frameworks */ = {
			isa = PBXShellScriptBuildPhase;
			buildActionMask = 2147483647;
			files = (
			);
			inputPaths = (
			);
			name = "[CP] Embed Pods Frameworks";
			outputPaths = (
			);
			runOnlyForDeploymentPostprocessing = 0;
			shellPath = /bin/sh;
			shellScript = "\"${SRCROOT}/Pods/Target Support Files/Pods-BarApp/Pods-BarApp-frameworks.sh\"\n";
			showEnvVarsInLog = 0;
		};
		4BC6208BD14260240059F7B2 /* [CP] Embed Pods Frameworks */ = {
			isa = PBXShellScriptBuildPhase;
			buildActionMask = 2147483647;
			files = (
			);
			inputPaths = (
			);
			name = "[CP] Embed Pods Frameworks";
			outputPaths = (
			);
			runOnlyForDeploymentPostprocessing = 0;
			shellPath = /bin/sh;
			shellScript = "\"${SRCROOT}/Pods/Target Support Files/Pods-BarAppUITests/Pods-BarAppUITests-frameworks.sh\"\n";
			showEnvVarsInLog = 0;
		};
		8AF28D47CCE3D25C33C39FFD /* [CP] Check Pods Manifest.lock */ = {
			isa = PBXShellScriptBuildPhase;
			buildActionMask = 2147483647;
			files = (
			);
			inputPaths = (
			);
			name = "[CP] Check Pods Manifest.lock";
			outputPaths = (
			);
			runOnlyForDeploymentPostprocessing = 0;
			shellPath = /bin/sh;
			shellScript = "diff \"${PODS_PODFILE_DIR_PATH}/Podfile.lock\" \"${PODS_ROOT}/Manifest.lock\" > /dev/null\nif [ $? != 0 ] ; then\n    # print error to STDERR\n    echo \"error: The sandbox is not in sync with the Podfile.lock. Run 'pod install' or update your CocoaPods installation.\" >&2\n    exit 1\nfi\n";
			showEnvVarsInLog = 0;
		};
		AFCCF9581968EA94D217928A /* [CP] Check Pods Manifest.lock */ = {
			isa = PBXShellScriptBuildPhase;
			buildActionMask = 2147483647;
			files = (
			);
			inputPaths = (
			);
			name = "[CP] Check Pods Manifest.lock";
			outputPaths = (
			);
			runOnlyForDeploymentPostprocessing = 0;
			shellPath = /bin/sh;
			shellScript = "diff \"${PODS_PODFILE_DIR_PATH}/Podfile.lock\" \"${PODS_ROOT}/Manifest.lock\" > /dev/null\nif [ $? != 0 ] ; then\n    # print error to STDERR\n    echo \"error: The sandbox is not in sync with the Podfile.lock. Run 'pod install' or update your CocoaPods installation.\" >&2\n    exit 1\nfi\n";
			showEnvVarsInLog = 0;
		};
		C5B9257F5BA0440006C94522 /* [CP] Copy Pods Resources */ = {
			isa = PBXShellScriptBuildPhase;
			buildActionMask = 2147483647;
			files = (
			);
			inputPaths = (
			);
			name = "[CP] Copy Pods Resources";
			outputPaths = (
			);
			runOnlyForDeploymentPostprocessing = 0;
			shellPath = /bin/sh;
			shellScript = "\"${SRCROOT}/Pods/Target Support Files/Pods-BarAppUITests/Pods-BarAppUITests-resources.sh\"\n";
			showEnvVarsInLog = 0;
		};
		E2C19D8D13614C75713E9006 /* [CP] Copy Pods Resources */ = {
			isa = PBXShellScriptBuildPhase;
			buildActionMask = 2147483647;
			files = (
			);
			inputPaths = (
			);
			name = "[CP] Copy Pods Resources";
			outputPaths = (
			);
			runOnlyForDeploymentPostprocessing = 0;
			shellPath = /bin/sh;
			shellScript = "\"${SRCROOT}/Pods/Target Support Files/Pods-BarApp/Pods-BarApp-resources.sh\"\n";
			showEnvVarsInLog = 0;
		};
		EEEC59E3F9B23D6B6A52C948 /* [CP] Copy Pods Resources */ = {
			isa = PBXShellScriptBuildPhase;
			buildActionMask = 2147483647;
			files = (
			);
			inputPaths = (
			);
			name = "[CP] Copy Pods Resources";
			outputPaths = (
			);
			runOnlyForDeploymentPostprocessing = 0;
			shellPath = /bin/sh;
			shellScript = "\"${SRCROOT}/Pods/Target Support Files/Pods-BarAppTests/Pods-BarAppTests-resources.sh\"\n";
			showEnvVarsInLog = 0;
		};
		FE1ED720F9D7940BB1E7BD76 /* [CP] Embed Pods Frameworks */ = {
			isa = PBXShellScriptBuildPhase;
			buildActionMask = 2147483647;
			files = (
			);
			inputPaths = (
			);
			name = "[CP] Embed Pods Frameworks";
			outputPaths = (
			);
			runOnlyForDeploymentPostprocessing = 0;
			shellPath = /bin/sh;
			shellScript = "\"${SRCROOT}/Pods/Target Support Files/Pods-BarAppTests/Pods-BarAppTests-frameworks.sh\"\n";
			showEnvVarsInLog = 0;
		};
/* End PBXShellScriptBuildPhase section */

/* Begin PBXSourcesBuildPhase section */
		183821961EBB2CF7000F39E9 /* Sources */ = {
			isa = PBXSourcesBuildPhase;
			buildActionMask = 2147483647;
			files = (
				18483F791ECB02E60041C48A /* AddBarVC.swift in Sources */,
				18B9C44A1EBC92B400B29937 /* ProfileVC.swift in Sources */,
				183821D21EBB2E28000F39E9 /* KYEmbedDrawerControllerSegue.swift in Sources */,
				18483F7E1ECB031F0041C48A /* AddsectionCell.swift in Sources */,
				ADC60C2D1ECEFA7500A89F10 /* Alert.swift in Sources */,
				183821D11EBB2E28000F39E9 /* KYDrawerController.swift in Sources */,
				183E69341EC2EDD7009DD72A /* DefaultVC.swift in Sources */,
				18483F8A1ECB2DCA0041C48A /* MyInventoryTypeVC.swift in Sources */,
				186320F51ECC86EA003A5AA5 /* CustomKEGVC.swift in Sources */,
				183821E71EBB527C000F39E9 /* MainViewController.swift in Sources */,
				186320F31ECC60AD003A5AA5 /* TakePhotoVC.swift in Sources */,
				18B9C4541EBC9CD400B29937 /* settingsVC.swift in Sources */,
				18483F801ECB033F0041C48A /* AddSectionVC.swift in Sources */,
				186320F71ECC8706003A5AA5 /* CustomBottleVC.swift in Sources */,
				186320EE1ECC5B0C003A5AA5 /* AddNewBottlesVC.swift in Sources */,
				183821D31EBB2E28000F39E9 /* KYEmbedMainControllerSegue.swift in Sources */,
				18B9C44C1EBC92D100B29937 /* ProfileEditVC.swift in Sources */,
				183821A61EBB2CF8000F39E9 /* BarApp.xcdatamodeld in Sources */,
				18483F821ECB03990041C48A /* AddBottlesVC.swift in Sources */,
				18B9C4561EBC9CE700B29937 /* EmailManagementVC.swift in Sources */,
				18B9C44E1EBC92E300B29937 /* ChangePasswordVC.swift in Sources */,
				18483F721ECACDD40041C48A /* VenueSummaryVC.swift in Sources */,
				18024C381EC9B6F800752C81 /* DistributorListVC.swift in Sources */,
				186320EC1ECC2D01003A5AA5 /* InventoryTypeCell.swift in Sources */,
				18483F7B1ECB03040041C48A /* AddBarCell.swift in Sources */,
				18723B2F1EBC6BF900E5EF7B /* DrawerViewController.swift in Sources */,
				18B9C4581EBC9D2300B29937 /* AddEmailVC.swift in Sources */,
				183E69321EC2E9BD009DD72A /* PurchaseStockVC.swift in Sources */,
				1830A8FF1ED56C17003E71F5 /* RangeSlider.swift in Sources */,
				183821A01EBB2CF8000F39E9 /* ViewController.swift in Sources */,
				183C29C01ECEC437008DCE89 /* ValueonhandVCcell.swift in Sources */,
				1838219E1EBB2CF8000F39E9 /* AppDelegate.swift in Sources */,
				18723B311EBC7A3E00E5EF7B /* DrawerCell.swift in Sources */,
				186320F91ECC89A8003A5AA5 /* MinMaxSelectVC.swift in Sources */,
				183C29BF1ECEC437008DCE89 /* ValueOnHandVC.swift in Sources */,
				183E69361EC32BAD009DD72A /* PurchaseStockCell.swift in Sources */,
				18483F851ECB03DB0041C48A /* AddBottlesCell.swift in Sources */,
				186320F11ECC5B38003A5AA5 /* AddCustomBottleVC.swift in Sources */,
				183C29C41ECEC446008DCE89 /* ParListVCCell.swift in Sources */,
				18024C3A1EC9BB2100752C81 /* DistributorListCell.swift in Sources */,
				18B9C4521EBC9CB700B29937 /* UserDetailsVC.swift in Sources */,
				18B9C4501EBC9CA400B29937 /* UserManagementVC.swift in Sources */,
				18483F761ECAD6FC0041C48A /* BottleDetailsVC.swift in Sources */,
				183C29C31ECEC446008DCE89 /* ParListVC.swift in Sources */,
				183821DC1EBB2EB8000F39E9 /* SignUpVC.swift in Sources */,
				18483F881ECB04640041C48A /* LiquorSliderVC.swift in Sources */,
				18483F741ECAD3A40041C48A /* VenueSummaryCell.swift in Sources */,
				183821D91EBB2EB8000F39E9 /* ACFloatingTextfield.swift in Sources */,
			);
			runOnlyForDeploymentPostprocessing = 0;
		};
		183821AD1EBB2CF9000F39E9 /* Sources */ = {
			isa = PBXSourcesBuildPhase;
			buildActionMask = 2147483647;
			files = (
				183821B61EBB2CF9000F39E9 /* BarAppTests.swift in Sources */,
			);
			runOnlyForDeploymentPostprocessing = 0;
		};
		183821B81EBB2CF9000F39E9 /* Sources */ = {
			isa = PBXSourcesBuildPhase;
			buildActionMask = 2147483647;
			files = (
				183821C11EBB2CF9000F39E9 /* BarAppUITests.swift in Sources */,
			);
			runOnlyForDeploymentPostprocessing = 0;
		};
/* End PBXSourcesBuildPhase section */

/* Begin PBXTargetDependency section */
		183821B31EBB2CF9000F39E9 /* PBXTargetDependency */ = {
			isa = PBXTargetDependency;
			target = 183821991EBB2CF7000F39E9 /* BarApp */;
			targetProxy = 183821B21EBB2CF9000F39E9 /* PBXContainerItemProxy */;
		};
		183821BE1EBB2CF9000F39E9 /* PBXTargetDependency */ = {
			isa = PBXTargetDependency;
			target = 183821991EBB2CF7000F39E9 /* BarApp */;
			targetProxy = 183821BD1EBB2CF9000F39E9 /* PBXContainerItemProxy */;
		};
/* End PBXTargetDependency section */

/* Begin PBXVariantGroup section */
		183821A11EBB2CF8000F39E9 /* Main.storyboard */ = {
			isa = PBXVariantGroup;
			children = (
				183821A21EBB2CF8000F39E9 /* Base */,
			);
			name = Main.storyboard;
			sourceTree = "<group>";
		};
		183821A91EBB2CF8000F39E9 /* LaunchScreen.storyboard */ = {
			isa = PBXVariantGroup;
			children = (
				183821AA1EBB2CF8000F39E9 /* Base */,
			);
			name = LaunchScreen.storyboard;
			sourceTree = "<group>";
		};
/* End PBXVariantGroup section */

/* Begin XCBuildConfiguration section */
		183821C31EBB2CF9000F39E9 /* Debug */ = {
			isa = XCBuildConfiguration;
			buildSettings = {
				ALWAYS_SEARCH_USER_PATHS = NO;
				CLANG_ANALYZER_NONNULL = YES;
				CLANG_CXX_LANGUAGE_STANDARD = "gnu++0x";
				CLANG_CXX_LIBRARY = "libc++";
				CLANG_ENABLE_MODULES = YES;
				CLANG_ENABLE_OBJC_ARC = YES;
				CLANG_WARN_BOOL_CONVERSION = YES;
				CLANG_WARN_CONSTANT_CONVERSION = YES;
				CLANG_WARN_DIRECT_OBJC_ISA_USAGE = YES_ERROR;
				CLANG_WARN_DOCUMENTATION_COMMENTS = YES;
				CLANG_WARN_EMPTY_BODY = YES;
				CLANG_WARN_ENUM_CONVERSION = YES;
				CLANG_WARN_INFINITE_RECURSION = YES;
				CLANG_WARN_INT_CONVERSION = YES;
				CLANG_WARN_OBJC_ROOT_CLASS = YES_ERROR;
				CLANG_WARN_SUSPICIOUS_MOVES = YES;
				CLANG_WARN_UNREACHABLE_CODE = YES;
				CLANG_WARN__DUPLICATE_METHOD_MATCH = YES;
				"CODE_SIGN_IDENTITY[sdk=iphoneos*]" = "iPhone Developer";
				COPY_PHASE_STRIP = NO;
				DEBUG_INFORMATION_FORMAT = dwarf;
				ENABLE_STRICT_OBJC_MSGSEND = YES;
				ENABLE_TESTABILITY = YES;
				GCC_C_LANGUAGE_STANDARD = gnu99;
				GCC_DYNAMIC_NO_PIC = NO;
				GCC_NO_COMMON_BLOCKS = YES;
				GCC_OPTIMIZATION_LEVEL = 0;
				GCC_PREPROCESSOR_DEFINITIONS = (
					"DEBUG=1",
					"$(inherited)",
				);
				GCC_WARN_64_TO_32_BIT_CONVERSION = YES;
				GCC_WARN_ABOUT_RETURN_TYPE = YES_ERROR;
				GCC_WARN_UNDECLARED_SELECTOR = YES;
				GCC_WARN_UNINITIALIZED_AUTOS = YES_AGGRESSIVE;
				GCC_WARN_UNUSED_FUNCTION = YES;
				GCC_WARN_UNUSED_VARIABLE = YES;
				IPHONEOS_DEPLOYMENT_TARGET = 10.0;
				MTL_ENABLE_DEBUG_INFO = YES;
				ONLY_ACTIVE_ARCH = YES;
				SDKROOT = iphoneos;
				SWIFT_ACTIVE_COMPILATION_CONDITIONS = DEBUG;
				SWIFT_OPTIMIZATION_LEVEL = "-Onone";
			};
			name = Debug;
		};
		183821C41EBB2CF9000F39E9 /* Release */ = {
			isa = XCBuildConfiguration;
			buildSettings = {
				ALWAYS_SEARCH_USER_PATHS = NO;
				CLANG_ANALYZER_NONNULL = YES;
				CLANG_CXX_LANGUAGE_STANDARD = "gnu++0x";
				CLANG_CXX_LIBRARY = "libc++";
				CLANG_ENABLE_MODULES = YES;
				CLANG_ENABLE_OBJC_ARC = YES;
				CLANG_WARN_BOOL_CONVERSION = YES;
				CLANG_WARN_CONSTANT_CONVERSION = YES;
				CLANG_WARN_DIRECT_OBJC_ISA_USAGE = YES_ERROR;
				CLANG_WARN_DOCUMENTATION_COMMENTS = YES;
				CLANG_WARN_EMPTY_BODY = YES;
				CLANG_WARN_ENUM_CONVERSION = YES;
				CLANG_WARN_INFINITE_RECURSION = YES;
				CLANG_WARN_INT_CONVERSION = YES;
				CLANG_WARN_OBJC_ROOT_CLASS = YES_ERROR;
				CLANG_WARN_SUSPICIOUS_MOVES = YES;
				CLANG_WARN_UNREACHABLE_CODE = YES;
				CLANG_WARN__DUPLICATE_METHOD_MATCH = YES;
				"CODE_SIGN_IDENTITY[sdk=iphoneos*]" = "iPhone Developer";
				COPY_PHASE_STRIP = NO;
				DEBUG_INFORMATION_FORMAT = "dwarf-with-dsym";
				ENABLE_NS_ASSERTIONS = NO;
				ENABLE_STRICT_OBJC_MSGSEND = YES;
				GCC_C_LANGUAGE_STANDARD = gnu99;
				GCC_NO_COMMON_BLOCKS = YES;
				GCC_WARN_64_TO_32_BIT_CONVERSION = YES;
				GCC_WARN_ABOUT_RETURN_TYPE = YES_ERROR;
				GCC_WARN_UNDECLARED_SELECTOR = YES;
				GCC_WARN_UNINITIALIZED_AUTOS = YES_AGGRESSIVE;
				GCC_WARN_UNUSED_FUNCTION = YES;
				GCC_WARN_UNUSED_VARIABLE = YES;
				IPHONEOS_DEPLOYMENT_TARGET = 10.0;
				MTL_ENABLE_DEBUG_INFO = NO;
				SDKROOT = iphoneos;
				SWIFT_OPTIMIZATION_LEVEL = "-Owholemodule";
				VALIDATE_PRODUCT = YES;
			};
			name = Release;
		};
		183821C61EBB2CF9000F39E9 /* Debug */ = {
			isa = XCBuildConfiguration;
			baseConfigurationReference = 3D3DF62809C8424A1893A34A /* Pods-BarApp.debug.xcconfig */;
			buildSettings = {
				ASSETCATALOG_COMPILER_APPICON_NAME = AppIcon;
				CLANG_ENABLE_MODULES = YES;
				DEVELOPMENT_TEAM = 8VHGJQR39Z;
				INFOPLIST_FILE = BarApp/Info.plist;
				LD_RUNPATH_SEARCH_PATHS = "$(inherited) @executable_path/Frameworks";
				PRODUCT_BUNDLE_IDENTIFIER = com.BarApp;
				PRODUCT_NAME = "$(TARGET_NAME)";
				SWIFT_OBJC_BRIDGING_HEADER = "BarApp/BarApp-Bridging-Header.h";
				SWIFT_OPTIMIZATION_LEVEL = "-Onone";
				SWIFT_VERSION = 3.0;
			};
			name = Debug;
		};
		183821C71EBB2CF9000F39E9 /* Release */ = {
			isa = XCBuildConfiguration;
			baseConfigurationReference = C71B8B05CBF0D54F1D718D46 /* Pods-BarApp.release.xcconfig */;
			buildSettings = {
				ASSETCATALOG_COMPILER_APPICON_NAME = AppIcon;
				CLANG_ENABLE_MODULES = YES;
				DEVELOPMENT_TEAM = 8VHGJQR39Z;
				INFOPLIST_FILE = BarApp/Info.plist;
				LD_RUNPATH_SEARCH_PATHS = "$(inherited) @executable_path/Frameworks";
				PRODUCT_BUNDLE_IDENTIFIER = com.BarApp;
				PRODUCT_NAME = "$(TARGET_NAME)";
				SWIFT_OBJC_BRIDGING_HEADER = "BarApp/BarApp-Bridging-Header.h";
				SWIFT_VERSION = 3.0;
			};
			name = Release;
		};
		183821C91EBB2CF9000F39E9 /* Debug */ = {
			isa = XCBuildConfiguration;
			baseConfigurationReference = 434AE4C32DFDE4CE939A58F3 /* Pods-BarAppTests.debug.xcconfig */;
			buildSettings = {
				ALWAYS_EMBED_SWIFT_STANDARD_LIBRARIES = YES;
				BUNDLE_LOADER = "$(TEST_HOST)";
				DEVELOPMENT_TEAM = 8VHGJQR39Z;
				INFOPLIST_FILE = BarAppTests/Info.plist;
				LD_RUNPATH_SEARCH_PATHS = "$(inherited) @executable_path/Frameworks @loader_path/Frameworks";
				PRODUCT_BUNDLE_IDENTIFIER = com.BarAppTests;
				PRODUCT_NAME = "$(TARGET_NAME)";
				SWIFT_VERSION = 3.0;
				TEST_HOST = "$(BUILT_PRODUCTS_DIR)/BarApp.app/BarApp";
			};
			name = Debug;
		};
		183821CA1EBB2CF9000F39E9 /* Release */ = {
			isa = XCBuildConfiguration;
			baseConfigurationReference = FBFE39EB0798D76720E51FA8 /* Pods-BarAppTests.release.xcconfig */;
			buildSettings = {
				ALWAYS_EMBED_SWIFT_STANDARD_LIBRARIES = YES;
				BUNDLE_LOADER = "$(TEST_HOST)";
				DEVELOPMENT_TEAM = 8VHGJQR39Z;
				INFOPLIST_FILE = BarAppTests/Info.plist;
				LD_RUNPATH_SEARCH_PATHS = "$(inherited) @executable_path/Frameworks @loader_path/Frameworks";
				PRODUCT_BUNDLE_IDENTIFIER = com.BarAppTests;
				PRODUCT_NAME = "$(TARGET_NAME)";
				SWIFT_VERSION = 3.0;
				TEST_HOST = "$(BUILT_PRODUCTS_DIR)/BarApp.app/BarApp";
			};
			name = Release;
		};
		183821CC1EBB2CF9000F39E9 /* Debug */ = {
			isa = XCBuildConfiguration;
			baseConfigurationReference = 8EDF5990CC5CBDF0C3B3806B /* Pods-BarAppUITests.debug.xcconfig */;
			buildSettings = {
				ALWAYS_EMBED_SWIFT_STANDARD_LIBRARIES = YES;
				DEVELOPMENT_TEAM = 8VHGJQR39Z;
				INFOPLIST_FILE = BarAppUITests/Info.plist;
				LD_RUNPATH_SEARCH_PATHS = "$(inherited) @executable_path/Frameworks @loader_path/Frameworks";
				PRODUCT_BUNDLE_IDENTIFIER = com.BarAppUITests;
				PRODUCT_NAME = "$(TARGET_NAME)";
				SWIFT_VERSION = 3.0;
				TEST_TARGET_NAME = BarApp;
			};
			name = Debug;
		};
		183821CD1EBB2CF9000F39E9 /* Release */ = {
			isa = XCBuildConfiguration;
			baseConfigurationReference = 4E98B5A7E87FF52B02B60A3E /* Pods-BarAppUITests.release.xcconfig */;
			buildSettings = {
				ALWAYS_EMBED_SWIFT_STANDARD_LIBRARIES = YES;
				DEVELOPMENT_TEAM = 8VHGJQR39Z;
				INFOPLIST_FILE = BarAppUITests/Info.plist;
				LD_RUNPATH_SEARCH_PATHS = "$(inherited) @executable_path/Frameworks @loader_path/Frameworks";
				PRODUCT_BUNDLE_IDENTIFIER = com.BarAppUITests;
				PRODUCT_NAME = "$(TARGET_NAME)";
				SWIFT_VERSION = 3.0;
				TEST_TARGET_NAME = BarApp;
			};
			name = Release;
		};
/* End XCBuildConfiguration section */

/* Begin XCConfigurationList section */
		183821951EBB2CF7000F39E9 /* Build configuration list for PBXProject "BarApp" */ = {
			isa = XCConfigurationList;
			buildConfigurations = (
				183821C31EBB2CF9000F39E9 /* Debug */,
				183821C41EBB2CF9000F39E9 /* Release */,
			);
			defaultConfigurationIsVisible = 0;
			defaultConfigurationName = Release;
		};
		183821C51EBB2CF9000F39E9 /* Build configuration list for PBXNativeTarget "BarApp" */ = {
			isa = XCConfigurationList;
			buildConfigurations = (
				183821C61EBB2CF9000F39E9 /* Debug */,
				183821C71EBB2CF9000F39E9 /* Release */,
			);
			defaultConfigurationIsVisible = 0;
			defaultConfigurationName = Release;
		};
		183821C81EBB2CF9000F39E9 /* Build configuration list for PBXNativeTarget "BarAppTests" */ = {
			isa = XCConfigurationList;
			buildConfigurations = (
				183821C91EBB2CF9000F39E9 /* Debug */,
				183821CA1EBB2CF9000F39E9 /* Release */,
			);
			defaultConfigurationIsVisible = 0;
			defaultConfigurationName = Release;
		};
		183821CB1EBB2CF9000F39E9 /* Build configuration list for PBXNativeTarget "BarAppUITests" */ = {
			isa = XCConfigurationList;
			buildConfigurations = (
				183821CC1EBB2CF9000F39E9 /* Debug */,
				183821CD1EBB2CF9000F39E9 /* Release */,
			);
			defaultConfigurationIsVisible = 0;
			defaultConfigurationName = Release;
		};
/* End XCConfigurationList section */

/* Begin XCVersionGroup section */
		183821A41EBB2CF8000F39E9 /* BarApp.xcdatamodeld */ = {
			isa = XCVersionGroup;
			children = (
				183821A51EBB2CF8000F39E9 /* BarApp.xcdatamodel */,
			);
			currentVersion = 183821A51EBB2CF8000F39E9 /* BarApp.xcdatamodel */;
			path = BarApp.xcdatamodeld;
			sourceTree = "<group>";
			versionGroupType = wrapper.xcdatamodel;
		};
/* End XCVersionGroup section */
	};
	rootObject = 183821921EBB2CF7000F39E9 /* Project object */;
}
